
Microsoft Visual Studio Solution File, Format Version 12.00
# Visual Studio Version 16
VisualStudioVersion = 16.0.30804.86
MinimumVisualStudioVersion = 10.0.40219.1
Project("{FAE04EC0-301F-11D3-BF4B-00C04F79EFBC}") = "GamerLogDemo", "GamerLogDemo\GamerLogDemo.csproj", "{1CEABCDE-7BC1-43FB-8D47-72BB506967E5}"
EndProject
Global
	GlobalSection(SolutionConfigurationPlatforms) = preSolution
		Debug|Any CPU = Debug|Any CPU
		Release|Any CPU = Release|Any CPU
	EndGlobalSection
	GlobalSection(ProjectConfigurationPlatforms) = postSolution
		{1CEABCDE-7BC1-43FB-8D47-72BB506967E5}.Debug|Any CPU.ActiveCfg = Debug|Any CPU
		{1CEABCDE-7BC1-43FB-8D47-72BB506967E5}.Debug|Any CPU.Build.0 = Debug|Any CPU
		{1CEABCDE-7BC1-43FB-8D47-72BB506967E5}.Release|Any CPU.ActiveCfg = Release|Any CPU
		{1CEABCDE-7BC1-43FB-8D47-72BB506967E5}.Release|Any CPU.Build.0 = Release|Any CPU
	EndGlobalSection
	GlobalSection(SolutionProperties) = preSolution
		HideSolutionNode = FALSE
	EndGlobalSection
	GlobalSection(ExtensibilityGlobals) = postSolution
		SolutionGuid = {3AD5BAB7-EB25-46DA-AC51-5B163D11E92F}
	EndGlobalSection
EndGlobal
